
Microsoft Visual Studio Solution File, Format Version 12.00
# Visual Studio Version 16
VisualStudioVersion = 16.0.31729.503
MinimumVisualStudioVersion = 10.0.40219.1
Project("{9A19103F-16F7-4668-BE54-9A1E7A4F7556}") = "ConsoleApp1", "ConsoleApp1.csproj", "{26FA1B51-2332-40D5-818E-302AD297398B}"
EndProject
Project("{9A19103F-16F7-4668-BE54-9A1E7A4F7556}") = "ConsoleApp2", "..\ConsoleApp2\ConsoleApp2.csproj", "{327C2064-67B2-4EAF-B89D-02A3B8AE61B8}"
EndProject
Project("{9A19103F-16F7-4668-BE54-9A1E7A4F7556}") = "ConsoleApp3", "..\ConsoleApp3\ConsoleApp3.csproj", "{386A788F-C6A6-4803-B4A4-434CE3ACFCE9}"
EndProject
Project("{9A19103F-16F7-4668-BE54-9A1E7A4F7556}") = "ConsoleApp4", "..\ConsoleApp4\ConsoleApp4.csproj", "{01585D35-A172-4DFD-9DCE-3757AF51809C}"
EndProject
Project("{9A19103F-16F7-4668-BE54-9A1E7A4F7556}") = "ConsoleApp5", "..\ConsoleApp5\ConsoleApp5.csproj", "{9AFB6A74-636B-4DC7-9149-5496E01FB83E}"
EndProject
Project("{FAE04EC0-301F-11D3-BF4B-00C04F79EFBC}") = "ConsoleApp6", "..\ConsoleApp6\ConsoleApp6.csproj", "{4EDDD1C1-9858-467F-A735-0C81972EA05F}"
EndProject
Global
	GlobalSection(SolutionConfigurationPlatforms) = preSolution
		Debug|Any CPU = Debug|Any CPU
		Release|Any CPU = Release|Any CPU
	EndGlobalSection
	GlobalSection(ProjectConfigurationPlatforms) = postSolution
		{26FA1B51-2332-40D5-818E-302AD297398B}.Debug|Any CPU.ActiveCfg = Debug|Any CPU
		{26FA1B51-2332-40D5-818E-302AD297398B}.Debug|Any CPU.Build.0 = Debug|Any CPU
		{26FA1B51-2332-40D5-818E-302AD297398B}.Release|Any CPU.ActiveCfg = Release|Any CPU
		{26FA1B51-2332-40D5-818E-302AD297398B}.Release|Any CPU.Build.0 = Release|Any CPU
		{327C2064-67B2-4EAF-B89D-02A3B8AE61B8}.Debug|Any CPU.ActiveCfg = Debug|Any CPU
		{327C2064-67B2-4EAF-B89D-02A3B8AE61B8}.Debug|Any CPU.Build.0 = Debug|Any CPU
		{327C2064-67B2-4EAF-B89D-02A3B8AE61B8}.Release|Any CPU.ActiveCfg = Release|Any CPU
		{327C2064-67B2-4EAF-B89D-02A3B8AE61B8}.Release|Any CPU.Build.0 = Release|Any CPU
		{386A788F-C6A6-4803-B4A4-434CE3ACFCE9}.Debug|Any CPU.ActiveCfg = Debug|Any CPU
		{386A788F-C6A6-4803-B4A4-434CE3ACFCE9}.Debug|Any CPU.Build.0 = Debug|Any CPU
		{386A788F-C6A6-4803-B4A4-434CE3ACFCE9}.Release|Any CPU.ActiveCfg = Release|Any CPU
		{386A788F-C6A6-4803-B4A4-434CE3ACFCE9}.Release|Any CPU.Build.0 = Release|Any CPU
		{01585D35-A172-4DFD-9DCE-3757AF51809C}.Debug|Any CPU.ActiveCfg = Debug|Any CPU
		{01585D35-A172-4DFD-9DCE-3757AF51809C}.Debug|Any CPU.Build.0 = Debug|Any CPU
		{01585D35-A172-4DFD-9DCE-3757AF51809C}.Release|Any CPU.ActiveCfg = Release|Any CPU
		{01585D35-A172-4DFD-9DCE-3757AF51809C}.Release|Any CPU.Build.0 = Release|Any CPU
		{9AFB6A74-636B-4DC7-9149-5496E01FB83E}.Debug|Any CPU.ActiveCfg = Debug|Any CPU
		{9AFB6A74-636B-4DC7-9149-5496E01FB83E}.Debug|Any CPU.Build.0 = Debug|Any CPU
		{9AFB6A74-636B-4DC7-9149-5496E01FB83E}.Release|Any CPU.ActiveCfg = Release|Any CPU
		{9AFB6A74-636B-4DC7-9149-5496E01FB83E}.Release|Any CPU.Build.0 = Release|Any CPU
		{4EDDD1C1-9858-467F-A735-0C81972EA05F}.Debug|Any CPU.ActiveCfg = Debug|Any CPU
		{4EDDD1C1-9858-467F-A735-0C81972EA05F}.Debug|Any CPU.Build.0 = Debug|Any CPU
		{4EDDD1C1-9858-467F-A735-0C81972EA05F}.Release|Any CPU.ActiveCfg = Release|Any CPU
		{4EDDD1C1-9858-467F-A735-0C81972EA05F}.Release|Any CPU.Build.0 = Release|Any CPU
	EndGlobalSection
	GlobalSection(SolutionProperties) = preSolution
		HideSolutionNode = FALSE
	EndGlobalSection
	GlobalSection(ExtensibilityGlobals) = postSolution
		SolutionGuid = {84A5036E-6259-4124-A2DC-38AA7192B1BE}
	EndGlobalSection
EndGlobal
